
Microsoft Visual Studio Solution File, Format Version 12.00
# Visual Studio Version 17
VisualStudioVersion = 17.5.2.0
MinimumVisualStudioVersion = 10.0.40219.1
Project("{FAE04EC0-301F-11D3-BF4B-00C04F79EFBC}") = "CopilotDemo.Api.v2", "CopilotDemo.Api.v2\CopilotDemo.Api.v2.csproj", "{768FB56C-E1D6-863D-DFE8-53F0211C576E}"
EndProject
Project("{FAE04EC0-301F-11D3-BF4B-00C04F79EFBC}") = "CopilotDemo.Api.v2.Tests", "CopilotDemo.Api.v2.Tests\CopilotDemo.Api.v2.Tests.csproj", "{2C2DF2DB-33B8-4C60-B127-8E48CD0E26E3}"
EndProject
Global
	GlobalSection(SolutionConfigurationPlatforms) = preSolution
		Debug|Any CPU = Debug|Any CPU
		Debug|x64 = Debug|x64
		Debug|x86 = Debug|x86
		Release|Any CPU = Release|Any CPU
		Release|x64 = Release|x64
		Release|x86 = Release|x86
	EndGlobalSection
	GlobalSection(ProjectConfigurationPlatforms) = postSolution
		{768FB56C-E1D6-863D-DFE8-53F0211C576E}.Debug|Any CPU.ActiveCfg = Debug|Any CPU
		{768FB56C-E1D6-863D-DFE8-53F0211C576E}.Debug|Any CPU.Build.0 = Debug|Any CPU
		{768FB56C-E1D6-863D-DFE8-53F0211C576E}.Debug|x64.ActiveCfg = Debug|Any CPU
		{768FB56C-E1D6-863D-DFE8-53F0211C576E}.Debug|x64.Build.0 = Debug|Any CPU
		{768FB56C-E1D6-863D-DFE8-53F0211C576E}.Debug|x86.ActiveCfg = Debug|Any CPU
		{768FB56C-E1D6-863D-DFE8-53F0211C576E}.Debug|x86.Build.0 = Debug|Any CPU
		{768FB56C-E1D6-863D-DFE8-53F0211C576E}.Release|Any CPU.ActiveCfg = Release|Any CPU
		{768FB56C-E1D6-863D-DFE8-53F0211C576E}.Release|Any CPU.Build.0 = Release|Any CPU
		{768FB56C-E1D6-863D-DFE8-53F0211C576E}.Release|x64.ActiveCfg = Release|Any CPU
		{768FB56C-E1D6-863D-DFE8-53F0211C576E}.Release|x64.Build.0 = Release|Any CPU
		{768FB56C-E1D6-863D-DFE8-53F0211C576E}.Release|x86.ActiveCfg = Release|Any CPU
		{768FB56C-E1D6-863D-DFE8-53F0211C576E}.Release|x86.Build.0 = Release|Any CPU
		{2C2DF2DB-33B8-4C60-B127-8E48CD0E26E3}.Debug|Any CPU.ActiveCfg = Debug|Any CPU
		{2C2DF2DB-33B8-4C60-B127-8E48CD0E26E3}.Debug|Any CPU.Build.0 = Debug|Any CPU
		{2C2DF2DB-33B8-4C60-B127-8E48CD0E26E3}.Debug|x64.ActiveCfg = Debug|Any CPU
		{2C2DF2DB-33B8-4C60-B127-8E48CD0E26E3}.Debug|x64.Build.0 = Debug|Any CPU
		{2C2DF2DB-33B8-4C60-B127-8E48CD0E26E3}.Debug|x86.ActiveCfg = Debug|Any CPU
		{2C2DF2DB-33B8-4C60-B127-8E48CD0E26E3}.Debug|x86.Build.0 = Debug|Any CPU
		{2C2DF2DB-33B8-4C60-B127-8E48CD0E26E3}.Release|Any CPU.ActiveCfg = Release|Any CPU
		{2C2DF2DB-33B8-4C60-B127-8E48CD0E26E3}.Release|Any CPU.Build.0 = Release|Any CPU
		{2C2DF2DB-33B8-4C60-B127-8E48CD0E26E3}.Release|x64.ActiveCfg = Release|Any CPU
		{2C2DF2DB-33B8-4C60-B127-8E48CD0E26E3}.Release|x64.Build.0 = Release|Any CPU
		{2C2DF2DB-33B8-4C60-B127-8E48CD0E26E3}.Release|x86.ActiveCfg = Release|Any CPU
		{2C2DF2DB-33B8-4C60-B127-8E48CD0E26E3}.Release|x86.Build.0 = Release|Any CPU
	EndGlobalSection
	GlobalSection(SolutionProperties) = preSolution
		HideSolutionNode = FALSE
	EndGlobalSection
	GlobalSection(ExtensibilityGlobals) = postSolution
		SolutionGuid = {508F304D-4F18-471A-A839-1E0CA3AD1B53}
	EndGlobalSection
EndGlobal
